// !$*UTF8*$!
{
	archiveVersion = 1;
	classes = {
	};
	objectVersion = 56;
	objects = {

/* Begin PBXBuildFile section */
		7180CB9F2E327E3100A7883E /* RemoteFormLoaderUseCaseTests.swift in Sources */ = {isa = PBXBuildFile; fileRef = 7180CB9E2E327E3100A7883E /* RemoteFormLoaderUseCaseTests.swift */; };
		7180CBA12E33AD7100A7883E /* RemoteFormLoader.swift in Sources */ = {isa = PBXBuildFile; fileRef = 7180CBA02E33AD7000A7883E /* RemoteFormLoader.swift */; };
		7180CBA32E33AE9A00A7883E /* RemoteFormItem.swift in Sources */ = {isa = PBXBuildFile; fileRef = 7180CBA22E33AE9500A7883E /* RemoteFormItem.swift */; };
		7180CBA62E33B2FC00A7883E /* Form.swift in Sources */ = {isa = PBXBuildFile; fileRef = 7180CBA52E33B2FA00A7883E /* Form.swift */; };
		7180CBA82E33B31400A7883E /* FormItem.swift in Sources */ = {isa = PBXBuildFile; fileRef = 7180CBA72E33B31200A7883E /* FormItem.swift */; };
		7180CBAA2E33B5AA00A7883E /* FormItemSampleData.swift in Sources */ = {isa = PBXBuildFile; fileRef = 7180CBA92E33B5A600A7883E /* FormItemSampleData.swift */; };
		7180CBAC2E33B61800A7883E /* HTTPClientSpy.swift in Sources */ = {isa = PBXBuildFile; fileRef = 7180CBAB2E33B61400A7883E /* HTTPClientSpy.swift */; };
		7180CBAE2E33DDE200A7883E /* FormLoader.swift in Sources */ = {isa = PBXBuildFile; fileRef = 7180CBAD2E33DDE000A7883E /* FormLoader.swift */; };
		719309BF2E355A5400704A69 /* CacheFormUseCaseTests.swift in Sources */ = {isa = PBXBuildFile; fileRef = 719309BE2E355A4F00704A69 /* CacheFormUseCaseTests.swift */; };
		719309C22E3585C900704A69 /* LocalFormLoader.swift in Sources */ = {isa = PBXBuildFile; fileRef = 719309C12E3585B600704A69 /* LocalFormLoader.swift */; };
		719309C52E35871100704A69 /* FormStore.swift in Sources */ = {isa = PBXBuildFile; fileRef = 719309C42E35870B00704A69 /* FormStore.swift */; };
		719309C72E35872900704A69 /* FormStoreSpy.swift in Sources */ = {isa = PBXBuildFile; fileRef = 719309C62E35872200704A69 /* FormStoreSpy.swift */; };
		719309CA2E36DF5100704A69 /* FormCacher.swift in Sources */ = {isa = PBXBuildFile; fileRef = 719309C92E36DF4E00704A69 /* FormCacher.swift */; };
		719309CC2E36E01000704A69 /* CodableFormStoreTests.swift in Sources */ = {isa = PBXBuildFile; fileRef = 719309CB2E36E00900704A69 /* CodableFormStoreTests.swift */; };
		719309CF2E36F2BD00704A69 /* CodableFormStore.swift in Sources */ = {isa = PBXBuildFile; fileRef = 719309CE2E36F2B800704A69 /* CodableFormStore.swift */; };
		719309D52E37842D00704A69 /* RemoteFormImageDataLoaderUseCaseTests.swift in Sources */ = {isa = PBXBuildFile; fileRef = 719309D42E37842600704A69 /* RemoteFormImageDataLoaderUseCaseTests.swift */; };
		71C51EE52E32649B00AF92C6 /* Lumiform.framework in Frameworks */ = {isa = PBXBuildFile; fileRef = 71C51EDC2E32649A00AF92C6 /* Lumiform.framework */; };
		71C51EEB2E32649B00AF92C6 /* Lumiform.h in Headers */ = {isa = PBXBuildFile; fileRef = 71C51EDF2E32649A00AF92C6 /* Lumiform.h */; settings = {ATTRIBUTES = (Public, ); }; };
		71C51EFA2E3264B500AF92C6 /* URLSessionHTTPClientTests.swift in Sources */ = {isa = PBXBuildFile; fileRef = 71C51EF42E3264B500AF92C6 /* URLSessionHTTPClientTests.swift */; };
		71C51EFB2E3264B500AF92C6 /* Common.swift in Sources */ = {isa = PBXBuildFile; fileRef = 71C51EF62E3264B500AF92C6 /* Common.swift */; };
		71C51EFC2E3264B500AF92C6 /* URLProtocolStub.swift in Sources */ = {isa = PBXBuildFile; fileRef = 71C51EF72E3264B500AF92C6 /* URLProtocolStub.swift */; };
		71C51EFD2E3264B500AF92C6 /* XCTestCase+MemoryLeakTracking.swift in Sources */ = {isa = PBXBuildFile; fileRef = 71C51EF82E3264B500AF92C6 /* XCTestCase+MemoryLeakTracking.swift */; };
		71C51F012E3264C400AF92C6 /* HTTPClient.swift in Sources */ = {isa = PBXBuildFile; fileRef = 71C51EFE2E3264C400AF92C6 /* HTTPClient.swift */; };
		71C51F022E3264C400AF92C6 /* URLSessionHTTPClient.swift in Sources */ = {isa = PBXBuildFile; fileRef = 71C51EFF2E3264C400AF92C6 /* URLSessionHTTPClient.swift */; };
		71E5CA872E35578D00FA179F /* LocalFormLoaderUseCaseTests.swift in Sources */ = {isa = PBXBuildFile; fileRef = 71E5CA862E35578D00FA179F /* LocalFormLoaderUseCaseTests.swift */; };
/* End PBXBuildFile section */

/* Begin PBXContainerItemProxy section */
		71C51EE62E32649B00AF92C6 /* PBXContainerItemProxy */ = {
			isa = PBXContainerItemProxy;
			containerPortal = 71C51ED32E32649A00AF92C6 /* Project object */;
			proxyType = 1;
			remoteGlobalIDString = 71C51EDB2E32649A00AF92C6;
			remoteInfo = Lumiform;
		};
/* End PBXContainerItemProxy section */

/* Begin PBXFileReference section */
		7180CB9E2E327E3100A7883E /* RemoteFormLoaderUseCaseTests.swift */ = {isa = PBXFileReference; lastKnownFileType = sourcecode.swift; path = RemoteFormLoaderUseCaseTests.swift; sourceTree = "<group>"; };
		7180CBA02E33AD7000A7883E /* RemoteFormLoader.swift */ = {isa = PBXFileReference; lastKnownFileType = sourcecode.swift; path = RemoteFormLoader.swift; sourceTree = "<group>"; };
		7180CBA22E33AE9500A7883E /* RemoteFormItem.swift */ = {isa = PBXFileReference; lastKnownFileType = sourcecode.swift; path = RemoteFormItem.swift; sourceTree = "<group>"; };
		7180CBA52E33B2FA00A7883E /* Form.swift */ = {isa = PBXFileReference; lastKnownFileType = sourcecode.swift; path = Form.swift; sourceTree = "<group>"; };
		7180CBA72E33B31200A7883E /* FormItem.swift */ = {isa = PBXFileReference; lastKnownFileType = sourcecode.swift; path = FormItem.swift; sourceTree = "<group>"; };
		7180CBA92E33B5A600A7883E /* FormItemSampleData.swift */ = {isa = PBXFileReference; lastKnownFileType = sourcecode.swift; path = FormItemSampleData.swift; sourceTree = "<group>"; };
		7180CBAB2E33B61400A7883E /* HTTPClientSpy.swift */ = {isa = PBXFileReference; lastKnownFileType = sourcecode.swift; path = HTTPClientSpy.swift; sourceTree = "<group>"; };
		7180CBAD2E33DDE000A7883E /* FormLoader.swift */ = {isa = PBXFileReference; lastKnownFileType = sourcecode.swift; path = FormLoader.swift; sourceTree = "<group>"; };
		719309BE2E355A4F00704A69 /* CacheFormUseCaseTests.swift */ = {isa = PBXFileReference; lastKnownFileType = sourcecode.swift; path = CacheFormUseCaseTests.swift; sourceTree = "<group>"; };
		719309C12E3585B600704A69 /* LocalFormLoader.swift */ = {isa = PBXFileReference; lastKnownFileType = sourcecode.swift; path = LocalFormLoader.swift; sourceTree = "<group>"; };
		719309C42E35870B00704A69 /* FormStore.swift */ = {isa = PBXFileReference; lastKnownFileType = sourcecode.swift; path = FormStore.swift; sourceTree = "<group>"; };
		719309C62E35872200704A69 /* FormStoreSpy.swift */ = {isa = PBXFileReference; lastKnownFileType = sourcecode.swift; path = FormStoreSpy.swift; sourceTree = "<group>"; };
		719309C92E36DF4E00704A69 /* FormCacher.swift */ = {isa = PBXFileReference; lastKnownFileType = sourcecode.swift; path = FormCacher.swift; sourceTree = "<group>"; };
		719309CB2E36E00900704A69 /* CodableFormStoreTests.swift */ = {isa = PBXFileReference; lastKnownFileType = sourcecode.swift; path = CodableFormStoreTests.swift; sourceTree = "<group>"; };
		719309CE2E36F2B800704A69 /* CodableFormStore.swift */ = {isa = PBXFileReference; lastKnownFileType = sourcecode.swift; path = CodableFormStore.swift; sourceTree = "<group>"; };
		719309D42E37842600704A69 /* RemoteFormImageDataLoaderUseCaseTests.swift */ = {isa = PBXFileReference; lastKnownFileType = sourcecode.swift; path = RemoteFormImageDataLoaderUseCaseTests.swift; sourceTree = "<group>"; };
		71C51EDC2E32649A00AF92C6 /* Lumiform.framework */ = {isa = PBXFileReference; explicitFileType = wrapper.framework; includeInIndex = 0; path = Lumiform.framework; sourceTree = BUILT_PRODUCTS_DIR; };
		71C51EDF2E32649A00AF92C6 /* Lumiform.h */ = {isa = PBXFileReference; lastKnownFileType = sourcecode.c.h; path = Lumiform.h; sourceTree = "<group>"; };
		71C51EE42E32649B00AF92C6 /* LumiformTests.xctest */ = {isa = PBXFileReference; explicitFileType = wrapper.cfbundle; includeInIndex = 0; path = LumiformTests.xctest; sourceTree = BUILT_PRODUCTS_DIR; };
		71C51EF42E3264B500AF92C6 /* URLSessionHTTPClientTests.swift */ = {isa = PBXFileReference; fileEncoding = 4; lastKnownFileType = sourcecode.swift; path = URLSessionHTTPClientTests.swift; sourceTree = "<group>"; };
		71C51EF62E3264B500AF92C6 /* Common.swift */ = {isa = PBXFileReference; fileEncoding = 4; lastKnownFileType = sourcecode.swift; path = Common.swift; sourceTree = "<group>"; };
		71C51EF72E3264B500AF92C6 /* URLProtocolStub.swift */ = {isa = PBXFileReference; fileEncoding = 4; lastKnownFileType = sourcecode.swift; path = URLProtocolStub.swift; sourceTree = "<group>"; };
		71C51EF82E3264B500AF92C6 /* XCTestCase+MemoryLeakTracking.swift */ = {isa = PBXFileReference; fileEncoding = 4; lastKnownFileType = sourcecode.swift; path = "XCTestCase+MemoryLeakTracking.swift"; sourceTree = "<group>"; };
		71C51EFE2E3264C400AF92C6 /* HTTPClient.swift */ = {isa = PBXFileReference; fileEncoding = 4; lastKnownFileType = sourcecode.swift; path = HTTPClient.swift; sourceTree = "<group>"; };
		71C51EFF2E3264C400AF92C6 /* URLSessionHTTPClient.swift */ = {isa = PBXFileReference; fileEncoding = 4; lastKnownFileType = sourcecode.swift; path = URLSessionHTTPClient.swift; sourceTree = "<group>"; };
		71E5CA862E35578D00FA179F /* LocalFormLoaderUseCaseTests.swift */ = {isa = PBXFileReference; lastKnownFileType = sourcecode.swift; path = LocalFormLoaderUseCaseTests.swift; sourceTree = "<group>"; };
/* End PBXFileReference section */

/* Begin PBXFrameworksBuildPhase section */
		71C51ED92E32649A00AF92C6 /* Frameworks */ = {
			isa = PBXFrameworksBuildPhase;
			buildActionMask = 2147483647;
			files = (
			);
			runOnlyForDeploymentPostprocessing = 0;
		};
		71C51EE12E32649B00AF92C6 /* Frameworks */ = {
			isa = PBXFrameworksBuildPhase;
			buildActionMask = 2147483647;
			files = (
				71C51EE52E32649B00AF92C6 /* Lumiform.framework in Frameworks */,
			);
			runOnlyForDeploymentPostprocessing = 0;
		};
/* End PBXFrameworksBuildPhase section */

/* Begin PBXGroup section */
		7180CBA42E33B2EF00A7883E /* Form Feature */ = {
			isa = PBXGroup;
			children = (
				7180CBA52E33B2FA00A7883E /* Form.swift */,
				7180CBA72E33B31200A7883E /* FormItem.swift */,
				7180CBAD2E33DDE000A7883E /* FormLoader.swift */,
				719309C92E36DF4E00704A69 /* FormCacher.swift */,
			);
			path = "Form Feature";
			sourceTree = "<group>";
		};
		719309C02E35859E00704A69 /* Form Cache */ = {
			isa = PBXGroup;
			children = (
				719309CD2E36F2B200704A69 /* Infrastructure */,
				719309C42E35870B00704A69 /* FormStore.swift */,
				719309C12E3585B600704A69 /* LocalFormLoader.swift */,
			);
			path = "Form Cache";
			sourceTree = "<group>";
		};
		719309C32E3586EE00704A69 /* Helpers */ = {
			isa = PBXGroup;
			children = (
				719309C62E35872200704A69 /* FormStoreSpy.swift */,
			);
			path = Helpers;
			sourceTree = "<group>";
		};
		719309C82E35874300704A69 /* Helpers */ = {
			isa = PBXGroup;
			children = (
				7180CBAB2E33B61400A7883E /* HTTPClientSpy.swift */,
				71C51EF72E3264B500AF92C6 /* URLProtocolStub.swift */,
			);
			path = Helpers;
			sourceTree = "<group>";
		};
		719309CD2E36F2B200704A69 /* Infrastructure */ = {
			isa = PBXGroup;
			children = (
				719309CE2E36F2B800704A69 /* CodableFormStore.swift */,
			);
			path = Infrastructure;
			sourceTree = "<group>";
		};
		71C51ED22E32649A00AF92C6 = {
			isa = PBXGroup;
			children = (
				71C51EDE2E32649A00AF92C6 /* Lumiform */,
				71C51EE82E32649B00AF92C6 /* LumiformTests */,
				71C51EDD2E32649A00AF92C6 /* Products */,
			);
			sourceTree = "<group>";
		};
		71C51EDD2E32649A00AF92C6 /* Products */ = {
			isa = PBXGroup;
			children = (
				71C51EDC2E32649A00AF92C6 /* Lumiform.framework */,
				71C51EE42E32649B00AF92C6 /* LumiformTests.xctest */,
			);
			name = Products;
			sourceTree = "<group>";
		};
		71C51EDE2E32649A00AF92C6 /* Lumiform */ = {
			isa = PBXGroup;
			children = (
				71C51EDF2E32649A00AF92C6 /* Lumiform.h */,
				7180CBA42E33B2EF00A7883E /* Form Feature */,
				71C51F002E3264C400AF92C6 /* Form API */,
				719309C02E35859E00704A69 /* Form Cache */,
			);
			path = Lumiform;
			sourceTree = "<group>";
		};
		71C51EE82E32649B00AF92C6 /* LumiformTests */ = {
			isa = PBXGroup;
			children = (
				71E5CA852E35544700FA179F /* Form Cache */,
				71C51EF52E3264B500AF92C6 /* Form API */,
				71C51EF92E3264B500AF92C6 /* Helpers */,
			);
			path = LumiformTests;
			sourceTree = "<group>";
		};
		71C51EF52E3264B500AF92C6 /* Form API */ = {
			isa = PBXGroup;
			children = (
				719309C82E35874300704A69 /* Helpers */,
				7180CB9E2E327E3100A7883E /* RemoteFormLoaderUseCaseTests.swift */,
				719309D42E37842600704A69 /* RemoteFormImageDataLoaderUseCaseTests.swift */,
				71C51EF42E3264B500AF92C6 /* URLSessionHTTPClientTests.swift */,
			);
			path = "Form API";
			sourceTree = "<group>";
		};
		71C51EF92E3264B500AF92C6 /* Helpers */ = {
			isa = PBXGroup;
			children = (
				71C51EF62E3264B500AF92C6 /* Common.swift */,
				7180CBA92E33B5A600A7883E /* FormItemSampleData.swift */,
				71C51EF82E3264B500AF92C6 /* XCTestCase+MemoryLeakTracking.swift */,
			);
			path = Helpers;
			sourceTree = "<group>";
		};
		71C51F002E3264C400AF92C6 /* Form API */ = {
			isa = PBXGroup;
			children = (
				7180CBA02E33AD7000A7883E /* RemoteFormLoader.swift */,
				7180CBA22E33AE9500A7883E /* RemoteFormItem.swift */,
				71C51EFE2E3264C400AF92C6 /* HTTPClient.swift */,
				71C51EFF2E3264C400AF92C6 /* URLSessionHTTPClient.swift */,
			);
			path = "Form API";
			sourceTree = "<group>";
		};
		71E5CA852E35544700FA179F /* Form Cache */ = {
			isa = PBXGroup;
			children = (
				719309C32E3586EE00704A69 /* Helpers */,
				71E5CA862E35578D00FA179F /* LocalFormLoaderUseCaseTests.swift */,
				719309BE2E355A4F00704A69 /* CacheFormUseCaseTests.swift */,
				719309CB2E36E00900704A69 /* CodableFormStoreTests.swift */,
			);
			path = "Form Cache";
			sourceTree = "<group>";
		};
/* End PBXGroup section */

/* Begin PBXHeadersBuildPhase section */
		71C51ED72E32649A00AF92C6 /* Headers */ = {
			isa = PBXHeadersBuildPhase;
			buildActionMask = 2147483647;
			files = (
				71C51EEB2E32649B00AF92C6 /* Lumiform.h in Headers */,
			);
			runOnlyForDeploymentPostprocessing = 0;
		};
/* End PBXHeadersBuildPhase section */

/* Begin PBXNativeTarget section */
		71C51EDB2E32649A00AF92C6 /* Lumiform */ = {
			isa = PBXNativeTarget;
			buildConfigurationList = 71C51EEE2E32649B00AF92C6 /* Build configuration list for PBXNativeTarget "Lumiform" */;
			buildPhases = (
				71C51ED72E32649A00AF92C6 /* Headers */,
				71C51ED82E32649A00AF92C6 /* Sources */,
				71C51ED92E32649A00AF92C6 /* Frameworks */,
				71C51EDA2E32649A00AF92C6 /* Resources */,
			);
			buildRules = (
			);
			dependencies = (
			);
			name = Lumiform;
			productName = Lumiform;
			productReference = 71C51EDC2E32649A00AF92C6 /* Lumiform.framework */;
			productType = "com.apple.product-type.framework";
		};
		71C51EE32E32649B00AF92C6 /* LumiformTests */ = {
			isa = PBXNativeTarget;
			buildConfigurationList = 71C51EF12E32649B00AF92C6 /* Build configuration list for PBXNativeTarget "LumiformTests" */;
			buildPhases = (
				71C51EE02E32649B00AF92C6 /* Sources */,
				71C51EE12E32649B00AF92C6 /* Frameworks */,
				71C51EE22E32649B00AF92C6 /* Resources */,
			);
			buildRules = (
			);
			dependencies = (
				71C51EE72E32649B00AF92C6 /* PBXTargetDependency */,
			);
			name = LumiformTests;
			productName = LumiformTests;
			productReference = 71C51EE42E32649B00AF92C6 /* LumiformTests.xctest */;
			productType = "com.apple.product-type.bundle.unit-test";
		};
/* End PBXNativeTarget section */

/* Begin PBXProject section */
		71C51ED32E32649A00AF92C6 /* Project object */ = {
			isa = PBXProject;
			attributes = {
				BuildIndependentTargetsInParallel = 1;
				LastSwiftUpdateCheck = 1540;
				LastUpgradeCheck = 1540;
				TargetAttributes = {
					71C51EDB2E32649A00AF92C6 = {
						CreatedOnToolsVersion = 15.4;
					};
					71C51EE32E32649B00AF92C6 = {
						CreatedOnToolsVersion = 15.4;
					};
				};
			};
			buildConfigurationList = 71C51ED62E32649A00AF92C6 /* Build configuration list for PBXProject "Lumiform" */;
			compatibilityVersion = "Xcode 14.0";
			developmentRegion = en;
			hasScannedForEncodings = 0;
			knownRegions = (
				en,
				Base,
			);
			mainGroup = 71C51ED22E32649A00AF92C6;
			productRefGroup = 71C51EDD2E32649A00AF92C6 /* Products */;
			projectDirPath = "";
			projectRoot = "";
			targets = (
				71C51EDB2E32649A00AF92C6 /* Lumiform */,
				71C51EE32E32649B00AF92C6 /* LumiformTests */,
			);
		};
/* End PBXProject section */

/* Begin PBXResourcesBuildPhase section */
		71C51EDA2E32649A00AF92C6 /* Resources */ = {
			isa = PBXResourcesBuildPhase;
			buildActionMask = 2147483647;
			files = (
			);
			runOnlyForDeploymentPostprocessing = 0;
		};
		71C51EE22E32649B00AF92C6 /* Resources */ = {
			isa = PBXResourcesBuildPhase;
			buildActionMask = 2147483647;
			files = (
			);
			runOnlyForDeploymentPostprocessing = 0;
		};
/* End PBXResourcesBuildPhase section */

/* Begin PBXSourcesBuildPhase section */
		71C51ED82E32649A00AF92C6 /* Sources */ = {
			isa = PBXSourcesBuildPhase;
			buildActionMask = 2147483647;
			files = (
				7180CBA32E33AE9A00A7883E /* RemoteFormItem.swift in Sources */,
				7180CBAE2E33DDE200A7883E /* FormLoader.swift in Sources */,
				719309C52E35871100704A69 /* FormStore.swift in Sources */,
				7180CBA12E33AD7100A7883E /* RemoteFormLoader.swift in Sources */,
				7180CBA62E33B2FC00A7883E /* Form.swift in Sources */,
				71C51F012E3264C400AF92C6 /* HTTPClient.swift in Sources */,
				719309CF2E36F2BD00704A69 /* CodableFormStore.swift in Sources */,
				7180CBA82E33B31400A7883E /* FormItem.swift in Sources */,
				719309CA2E36DF5100704A69 /* FormCacher.swift in Sources */,
				719309C22E3585C900704A69 /* LocalFormLoader.swift in Sources */,
				71C51F022E3264C400AF92C6 /* URLSessionHTTPClient.swift in Sources */,
			);
			runOnlyForDeploymentPostprocessing = 0;
		};
		71C51EE02E32649B00AF92C6 /* Sources */ = {
			isa = PBXSourcesBuildPhase;
			buildActionMask = 2147483647;
			files = (
				71C51EFB2E3264B500AF92C6 /* Common.swift in Sources */,
				71C51EFD2E3264B500AF92C6 /* XCTestCase+MemoryLeakTracking.swift in Sources */,
				71E5CA872E35578D00FA179F /* LocalFormLoaderUseCaseTests.swift in Sources */,
				71C51EFC2E3264B500AF92C6 /* URLProtocolStub.swift in Sources */,
				719309C72E35872900704A69 /* FormStoreSpy.swift in Sources */,
				71C51EFA2E3264B500AF92C6 /* URLSessionHTTPClientTests.swift in Sources */,
				7180CBAA2E33B5AA00A7883E /* FormItemSampleData.swift in Sources */,
				719309BF2E355A5400704A69 /* CacheFormUseCaseTests.swift in Sources */,
				7180CBAC2E33B61800A7883E /* HTTPClientSpy.swift in Sources */,
				7180CB9F2E327E3100A7883E /* RemoteFormLoaderUseCaseTests.swift in Sources */,
				719309D52E37842D00704A69 /* RemoteFormImageDataLoaderUseCaseTests.swift in Sources */,
				719309CC2E36E01000704A69 /* CodableFormStoreTests.swift in Sources */,
			);
			runOnlyForDeploymentPostprocessing = 0;
		};
/* End PBXSourcesBuildPhase section */

/* Begin PBXTargetDependency section */
		71C51EE72E32649B00AF92C6 /* PBXTargetDependency */ = {
			isa = PBXTargetDependency;
			target = 71C51EDB2E32649A00AF92C6 /* Lumiform */;
			targetProxy = 71C51EE62E32649B00AF92C6 /* PBXContainerItemProxy */;
		};
/* End PBXTargetDependency section */

/* Begin XCBuildConfiguration section */
		71C51EEC2E32649B00AF92C6 /* Debug */ = {
			isa = XCBuildConfiguration;
			buildSettings = {
				ALWAYS_SEARCH_USER_PATHS = NO;
				ASSETCATALOG_COMPILER_GENERATE_SWIFT_ASSET_SYMBOL_EXTENSIONS = YES;
				CLANG_ANALYZER_NONNULL = YES;
				CLANG_ANALYZER_NUMBER_OBJECT_CONVERSION = YES_AGGRESSIVE;
				CLANG_CXX_LANGUAGE_STANDARD = "gnu++20";
				CLANG_ENABLE_MODULES = YES;
				CLANG_ENABLE_OBJC_ARC = YES;
				CLANG_ENABLE_OBJC_WEAK = YES;
				CLANG_WARN_BLOCK_CAPTURE_AUTORELEASING = YES;
				CLANG_WARN_BOOL_CONVERSION = YES;
				CLANG_WARN_COMMA = YES;
				CLANG_WARN_CONSTANT_CONVERSION = YES;
				CLANG_WARN_DEPRECATED_OBJC_IMPLEMENTATIONS = YES;
				CLANG_WARN_DIRECT_OBJC_ISA_USAGE = YES_ERROR;
				CLANG_WARN_DOCUMENTATION_COMMENTS = YES;
				CLANG_WARN_EMPTY_BODY = YES;
				CLANG_WARN_ENUM_CONVERSION = YES;
				CLANG_WARN_INFINITE_RECURSION = YES;
				CLANG_WARN_INT_CONVERSION = YES;
				CLANG_WARN_NON_LITERAL_NULL_CONVERSION = YES;
				CLANG_WARN_OBJC_IMPLICIT_RETAIN_SELF = YES;
				CLANG_WARN_OBJC_LITERAL_CONVERSION = YES;
				CLANG_WARN_OBJC_ROOT_CLASS = YES_ERROR;
				CLANG_WARN_QUOTED_INCLUDE_IN_FRAMEWORK_HEADER = YES;
				CLANG_WARN_RANGE_LOOP_ANALYSIS = YES;
				CLANG_WARN_STRICT_PROTOTYPES = YES;
				CLANG_WARN_SUSPICIOUS_MOVE = YES;
				CLANG_WARN_UNGUARDED_AVAILABILITY = YES_AGGRESSIVE;
				CLANG_WARN_UNREACHABLE_CODE = YES;
				CLANG_WARN__DUPLICATE_METHOD_MATCH = YES;
				COPY_PHASE_STRIP = NO;
				CURRENT_PROJECT_VERSION = 1;
				DEBUG_INFORMATION_FORMAT = dwarf;
				ENABLE_STRICT_OBJC_MSGSEND = YES;
				ENABLE_TESTABILITY = YES;
				ENABLE_USER_SCRIPT_SANDBOXING = YES;
				GCC_C_LANGUAGE_STANDARD = gnu17;
				GCC_DYNAMIC_NO_PIC = NO;
				GCC_NO_COMMON_BLOCKS = YES;
				GCC_OPTIMIZATION_LEVEL = 0;
				GCC_PREPROCESSOR_DEFINITIONS = (
					"DEBUG=1",
					"$(inherited)",
				);
				GCC_WARN_64_TO_32_BIT_CONVERSION = YES;
				GCC_WARN_ABOUT_RETURN_TYPE = YES_ERROR;
				GCC_WARN_UNDECLARED_SELECTOR = YES;
				GCC_WARN_UNINITIALIZED_AUTOS = YES_AGGRESSIVE;
				GCC_WARN_UNUSED_FUNCTION = YES;
				GCC_WARN_UNUSED_VARIABLE = YES;
				LOCALIZATION_PREFERS_STRING_CATALOGS = YES;
				MACOSX_DEPLOYMENT_TARGET = 14.5;
				MTL_ENABLE_DEBUG_INFO = INCLUDE_SOURCE;
				MTL_FAST_MATH = YES;
				ONLY_ACTIVE_ARCH = YES;
				SDKROOT = macosx;
				SWIFT_ACTIVE_COMPILATION_CONDITIONS = "DEBUG $(inherited)";
				SWIFT_OPTIMIZATION_LEVEL = "-Onone";
				VERSIONING_SYSTEM = "apple-generic";
				VERSION_INFO_PREFIX = "";
			};
			name = Debug;
		};
		71C51EED2E32649B00AF92C6 /* Release */ = {
			isa = XCBuildConfiguration;
			buildSettings = {
				ALWAYS_SEARCH_USER_PATHS = NO;
				ASSETCATALOG_COMPILER_GENERATE_SWIFT_ASSET_SYMBOL_EXTENSIONS = YES;
				CLANG_ANALYZER_NONNULL = YES;
				CLANG_ANALYZER_NUMBER_OBJECT_CONVERSION = YES_AGGRESSIVE;
				CLANG_CXX_LANGUAGE_STANDARD = "gnu++20";
				CLANG_ENABLE_MODULES = YES;
				CLANG_ENABLE_OBJC_ARC = YES;
				CLANG_ENABLE_OBJC_WEAK = YES;
				CLANG_WARN_BLOCK_CAPTURE_AUTORELEASING = YES;
				CLANG_WARN_BOOL_CONVERSION = YES;
				CLANG_WARN_COMMA = YES;
				CLANG_WARN_CONSTANT_CONVERSION = YES;
				CLANG_WARN_DEPRECATED_OBJC_IMPLEMENTATIONS = YES;
				CLANG_WARN_DIRECT_OBJC_ISA_USAGE = YES_ERROR;
				CLANG_WARN_DOCUMENTATION_COMMENTS = YES;
				CLANG_WARN_EMPTY_BODY = YES;
				CLANG_WARN_ENUM_CONVERSION = YES;
				CLANG_WARN_INFINITE_RECURSION = YES;
				CLANG_WARN_INT_CONVERSION = YES;
				CLANG_WARN_NON_LITERAL_NULL_CONVERSION = YES;
				CLANG_WARN_OBJC_IMPLICIT_RETAIN_SELF = YES;
				CLANG_WARN_OBJC_LITERAL_CONVERSION = YES;
				CLANG_WARN_OBJC_ROOT_CLASS = YES_ERROR;
				CLANG_WARN_QUOTED_INCLUDE_IN_FRAMEWORK_HEADER = YES;
				CLANG_WARN_RANGE_LOOP_ANALYSIS = YES;
				CLANG_WARN_STRICT_PROTOTYPES = YES;
				CLANG_WARN_SUSPICIOUS_MOVE = YES;
				CLANG_WARN_UNGUARDED_AVAILABILITY = YES_AGGRESSIVE;
				CLANG_WARN_UNREACHABLE_CODE = YES;
				CLANG_WARN__DUPLICATE_METHOD_MATCH = YES;
				COPY_PHASE_STRIP = NO;
				CURRENT_PROJECT_VERSION = 1;
				DEBUG_INFORMATION_FORMAT = "dwarf-with-dsym";
				ENABLE_NS_ASSERTIONS = NO;
				ENABLE_STRICT_OBJC_MSGSEND = YES;
				ENABLE_USER_SCRIPT_SANDBOXING = YES;
				GCC_C_LANGUAGE_STANDARD = gnu17;
				GCC_NO_COMMON_BLOCKS = YES;
				GCC_WARN_64_TO_32_BIT_CONVERSION = YES;
				GCC_WARN_ABOUT_RETURN_TYPE = YES_ERROR;
				GCC_WARN_UNDECLARED_SELECTOR = YES;
				GCC_WARN_UNINITIALIZED_AUTOS = YES_AGGRESSIVE;
				GCC_WARN_UNUSED_FUNCTION = YES;
				GCC_WARN_UNUSED_VARIABLE = YES;
				LOCALIZATION_PREFERS_STRING_CATALOGS = YES;
				MACOSX_DEPLOYMENT_TARGET = 14.5;
				MTL_ENABLE_DEBUG_INFO = NO;
				MTL_FAST_MATH = YES;
				SDKROOT = macosx;
				SWIFT_COMPILATION_MODE = wholemodule;
				VERSIONING_SYSTEM = "apple-generic";
				VERSION_INFO_PREFIX = "";
			};
			name = Release;
		};
		71C51EEF2E32649B00AF92C6 /* Debug */ = {
			isa = XCBuildConfiguration;
			buildSettings = {
				BUILD_LIBRARY_FOR_DISTRIBUTION = YES;
				CODE_SIGN_STYLE = Automatic;
				COMBINE_HIDPI_IMAGES = YES;
				CURRENT_PROJECT_VERSION = 1;
				DEFINES_MODULE = YES;
				DEVELOPMENT_TEAM = 2NT5QR24SX;
				DYLIB_COMPATIBILITY_VERSION = 1;
				DYLIB_CURRENT_VERSION = 1;
				DYLIB_INSTALL_NAME_BASE = "@rpath";
				ENABLE_MODULE_VERIFIER = YES;
				GENERATE_INFOPLIST_FILE = YES;
				INFOPLIST_KEY_NSHumanReadableCopyright = "";
				INSTALL_PATH = "$(LOCAL_LIBRARY_DIR)/Frameworks";
				LD_RUNPATH_SEARCH_PATHS = (
					"$(inherited)",
					"@executable_path/../Frameworks",
					"@loader_path/Frameworks",
				);
				MARKETING_VERSION = 1.0;
				MODULE_VERIFIER_SUPPORTED_LANGUAGES = "objective-c objective-c++";
				MODULE_VERIFIER_SUPPORTED_LANGUAGE_STANDARDS = "gnu17 gnu++20";
				PRODUCT_BUNDLE_IDENTIFIER = com.alyyakan.Lumiform;
				PRODUCT_NAME = "$(TARGET_NAME:c99extidentifier)";
				SKIP_INSTALL = YES;
				SUPPORTED_PLATFORMS = "iphonesimulator iphoneos macosx";
				SWIFT_EMIT_LOC_STRINGS = YES;
				SWIFT_INSTALL_OBJC_HEADER = NO;
				SWIFT_VERSION = 5.0;
			};
			name = Debug;
		};
		71C51EF02E32649B00AF92C6 /* Release */ = {
			isa = XCBuildConfiguration;
			buildSettings = {
				BUILD_LIBRARY_FOR_DISTRIBUTION = YES;
				CODE_SIGN_STYLE = Automatic;
				COMBINE_HIDPI_IMAGES = YES;
				CURRENT_PROJECT_VERSION = 1;
				DEFINES_MODULE = YES;
				DEVELOPMENT_TEAM = 2NT5QR24SX;
				DYLIB_COMPATIBILITY_VERSION = 1;
				DYLIB_CURRENT_VERSION = 1;
				DYLIB_INSTALL_NAME_BASE = "@rpath";
				ENABLE_MODULE_VERIFIER = YES;
				GENERATE_INFOPLIST_FILE = YES;
				INFOPLIST_KEY_NSHumanReadableCopyright = "";
				INSTALL_PATH = "$(LOCAL_LIBRARY_DIR)/Frameworks";
				LD_RUNPATH_SEARCH_PATHS = (
					"$(inherited)",
					"@executable_path/../Frameworks",
					"@loader_path/Frameworks",
				);
				MARKETING_VERSION = 1.0;
				MODULE_VERIFIER_SUPPORTED_LANGUAGES = "objective-c objective-c++";
				MODULE_VERIFIER_SUPPORTED_LANGUAGE_STANDARDS = "gnu17 gnu++20";
				PRODUCT_BUNDLE_IDENTIFIER = com.alyyakan.Lumiform;
				PRODUCT_NAME = "$(TARGET_NAME:c99extidentifier)";
				SKIP_INSTALL = YES;
				SUPPORTED_PLATFORMS = "iphonesimulator iphoneos macosx";
				SWIFT_EMIT_LOC_STRINGS = YES;
				SWIFT_INSTALL_OBJC_HEADER = NO;
				SWIFT_VERSION = 5.0;
			};
			name = Release;
		};
		71C51EF22E32649B00AF92C6 /* Debug */ = {
			isa = XCBuildConfiguration;
			buildSettings = {
				ALWAYS_EMBED_SWIFT_STANDARD_LIBRARIES = YES;
				CODE_SIGN_STYLE = Automatic;
				CURRENT_PROJECT_VERSION = 1;
				DEVELOPMENT_TEAM = 2NT5QR24SX;
				GENERATE_INFOPLIST_FILE = YES;
				MARKETING_VERSION = 1.0;
				PRODUCT_BUNDLE_IDENTIFIER = com.alyyakan.LumiformTests;
				PRODUCT_NAME = "$(TARGET_NAME)";
				SWIFT_EMIT_LOC_STRINGS = NO;
				SWIFT_VERSION = 5.0;
			};
			name = Debug;
		};
		71C51EF32E32649B00AF92C6 /* Release */ = {
			isa = XCBuildConfiguration;
			buildSettings = {
				ALWAYS_EMBED_SWIFT_STANDARD_LIBRARIES = YES;
				CODE_SIGN_STYLE = Automatic;
				CURRENT_PROJECT_VERSION = 1;
				DEVELOPMENT_TEAM = 2NT5QR24SX;
				GENERATE_INFOPLIST_FILE = YES;
				MARKETING_VERSION = 1.0;
				PRODUCT_BUNDLE_IDENTIFIER = com.alyyakan.LumiformTests;
				PRODUCT_NAME = "$(TARGET_NAME)";
				SWIFT_EMIT_LOC_STRINGS = NO;
				SWIFT_VERSION = 5.0;
			};
			name = Release;
		};
/* End XCBuildConfiguration section */

/* Begin XCConfigurationList section */
		71C51ED62E32649A00AF92C6 /* Build configuration list for PBXProject "Lumiform" */ = {
			isa = XCConfigurationList;
			buildConfigurations = (
				71C51EEC2E32649B00AF92C6 /* Debug */,
				71C51EED2E32649B00AF92C6 /* Release */,
			);
			defaultConfigurationIsVisible = 0;
			defaultConfigurationName = Release;
		};
		71C51EEE2E32649B00AF92C6 /* Build configuration list for PBXNativeTarget "Lumiform" */ = {
			isa = XCConfigurationList;
			buildConfigurations = (
				71C51EEF2E32649B00AF92C6 /* Debug */,
				71C51EF02E32649B00AF92C6 /* Release */,
			);
			defaultConfigurationIsVisible = 0;
			defaultConfigurationName = Release;
		};
		71C51EF12E32649B00AF92C6 /* Build configuration list for PBXNativeTarget "LumiformTests" */ = {
			isa = XCConfigurationList;
			buildConfigurations = (
				71C51EF22E32649B00AF92C6 /* Debug */,
				71C51EF32E32649B00AF92C6 /* Release */,
			);
			defaultConfigurationIsVisible = 0;
			defaultConfigurationName = Release;
		};
/* End XCConfigurationList section */
	};
	rootObject = 71C51ED32E32649A00AF92C6 /* Project object */;
}
